
Microsoft Visual Studio Solution File, Format Version 12.00
# Visual Studio 15
VisualStudioVersion = 15.0.26730.15
MinimumVisualStudioVersion = 10.0.40219.1
Project("{9A19103F-16F7-4668-BE54-9A1E7A4F7556}") = "HealthAndCareHospital.Web", "HealthAndCareHospital.Web\HealthAndCareHospital.Web.csproj", "{D3855AD2-1166-4369-BE33-07128B08C538}"
EndProject
Project("{9A19103F-16F7-4668-BE54-9A1E7A4F7556}") = "HealthAndCareHospital.Data", "HealthAndCareHospital.Data\HealthAndCareHospital.Data.csproj", "{5B3E731C-4C4F-47F9-A068-5DA507C8C62F}"
EndProject
Project("{9A19103F-16F7-4668-BE54-9A1E7A4F7556}") = "HealthAndCareHospital.Services", "HealthAndCareHospital.Services\HealthAndCareHospital.Services.csproj", "{AFC3C2EB-3BA2-4125-B3F0-3D6D865AF26C}"
EndProject
Project("{9A19103F-16F7-4668-BE54-9A1E7A4F7556}") = "HealthAndCareHospital.Common", "HealthAndCareHospital.Common\HealthAndCareHospital.Common.csproj", "{54788878-27E5-4D62-AEE3-527E256FB80E}"
EndProject
Project("{FAE04EC0-301F-11D3-BF4B-00C04F79EFBC}") = "HealthAndCareHospital.Test", "HealthAndCareHospital.Test\HealthAndCareHospital.Test.csproj", "{232358A3-8CB9-49BF-A2C0-B6DD0A39F1F1}"
EndProject
Global
	GlobalSection(SolutionConfigurationPlatforms) = preSolution
		Debug|Any CPU = Debug|Any CPU
		Release|Any CPU = Release|Any CPU
	EndGlobalSection
	GlobalSection(ProjectConfigurationPlatforms) = postSolution
		{D3855AD2-1166-4369-BE33-07128B08C538}.Debug|Any CPU.ActiveCfg = Debug|Any CPU
		{D3855AD2-1166-4369-BE33-07128B08C538}.Debug|Any CPU.Build.0 = Debug|Any CPU
		{D3855AD2-1166-4369-BE33-07128B08C538}.Release|Any CPU.ActiveCfg = Release|Any CPU
		{D3855AD2-1166-4369-BE33-07128B08C538}.Release|Any CPU.Build.0 = Release|Any CPU
		{5B3E731C-4C4F-47F9-A068-5DA507C8C62F}.Debug|Any CPU.ActiveCfg = Debug|Any CPU
		{5B3E731C-4C4F-47F9-A068-5DA507C8C62F}.Debug|Any CPU.Build.0 = Debug|Any CPU
		{5B3E731C-4C4F-47F9-A068-5DA507C8C62F}.Release|Any CPU.ActiveCfg = Release|Any CPU
		{5B3E731C-4C4F-47F9-A068-5DA507C8C62F}.Release|Any CPU.Build.0 = Release|Any CPU
		{AFC3C2EB-3BA2-4125-B3F0-3D6D865AF26C}.Debug|Any CPU.ActiveCfg = Debug|Any CPU
		{AFC3C2EB-3BA2-4125-B3F0-3D6D865AF26C}.Debug|Any CPU.Build.0 = Debug|Any CPU
		{AFC3C2EB-3BA2-4125-B3F0-3D6D865AF26C}.Release|Any CPU.ActiveCfg = Release|Any CPU
		{AFC3C2EB-3BA2-4125-B3F0-3D6D865AF26C}.Release|Any CPU.Build.0 = Release|Any CPU
		{54788878-27E5-4D62-AEE3-527E256FB80E}.Debug|Any CPU.ActiveCfg = Debug|Any CPU
		{54788878-27E5-4D62-AEE3-527E256FB80E}.Debug|Any CPU.Build.0 = Debug|Any CPU
		{54788878-27E5-4D62-AEE3-527E256FB80E}.Release|Any CPU.ActiveCfg = Release|Any CPU
		{54788878-27E5-4D62-AEE3-527E256FB80E}.Release|Any CPU.Build.0 = Release|Any CPU
		{232358A3-8CB9-49BF-A2C0-B6DD0A39F1F1}.Debug|Any CPU.ActiveCfg = Debug|Any CPU
		{232358A3-8CB9-49BF-A2C0-B6DD0A39F1F1}.Debug|Any CPU.Build.0 = Debug|Any CPU
		{232358A3-8CB9-49BF-A2C0-B6DD0A39F1F1}.Release|Any CPU.ActiveCfg = Release|Any CPU
		{232358A3-8CB9-49BF-A2C0-B6DD0A39F1F1}.Release|Any CPU.Build.0 = Release|Any CPU
	EndGlobalSection
	GlobalSection(SolutionProperties) = preSolution
		HideSolutionNode = FALSE
	EndGlobalSection
	GlobalSection(ExtensibilityGlobals) = postSolution
		SolutionGuid = {D662DDC7-330F-418E-AAFF-E5FD9AB515F4}
	EndGlobalSection
EndGlobal
